Microsoft Visual Studio Solution File, Format Version 12.00
# Visual Studio 2012
Project("{FAE04EC0-301F-11D3-BF4B-00C04F79EFBC}") = "ThisIsNotAnAd", "ThisIsNotAnAd.csproj", "{08BEEA20-CB09-4570-ABBE-A61C5A5BFFBA}"
EndProject
Global
	GlobalSection(SolutionConfigurationPlatforms) = preSolution
	Debug|Any CPU = Debug|Any CPU
	ExportDebug|Any CPU = ExportDebug|Any CPU
	ExportRelease|Any CPU = ExportRelease|Any CPU
	EndGlobalSection
	GlobalSection(ProjectConfigurationPlatforms) = postSolution
		{08BEEA20-CB09-4570-ABBE-A61C5A5BFFBA}.Debug|Any CPU.ActiveCfg = Debug|Any CPU
		{08BEEA20-CB09-4570-ABBE-A61C5A5BFFBA}.Debug|Any CPU.Build.0 = Debug|Any CPU
		{08BEEA20-CB09-4570-ABBE-A61C5A5BFFBA}.ExportDebug|Any CPU.ActiveCfg = ExportDebug|Any CPU
		{08BEEA20-CB09-4570-ABBE-A61C5A5BFFBA}.ExportDebug|Any CPU.Build.0 = ExportDebug|Any CPU
		{08BEEA20-CB09-4570-ABBE-A61C5A5BFFBA}.ExportRelease|Any CPU.ActiveCfg = ExportRelease|Any CPU
		{08BEEA20-CB09-4570-ABBE-A61C5A5BFFBA}.ExportRelease|Any CPU.Build.0 = ExportRelease|Any CPU
	EndGlobalSection
EndGlobal
